
Microsoft Visual Studio Solution File, Format Version 12.00
# Visual Studio 15
VisualStudioVersion = 15.0.28010.2048
MinimumVisualStudioVersion = 10.0.40219.1
Project("{FAE04EC0-301F-11D3-BF4B-00C04F79EFBC}") = "WebApp1", "WebApp1\WebApp1.csproj", "{EE31F70F-2755-4899-B38A-10871F92A39E}"
EndProject
Global
	GlobalSection(SolutionConfigurationPlatforms) = preSolution
		Debug|Any CPU = Debug|Any CPU
		Release|Any CPU = Release|Any CPU
	EndGlobalSection
	GlobalSection(ProjectConfigurationPlatforms) = postSolution
		{EE31F70F-2755-4899-B38A-10871F92A39E}.Debug|Any CPU.ActiveCfg = Debug|Any CPU
		{EE31F70F-2755-4899-B38A-10871F92A39E}.Debug|Any CPU.Build.0 = Debug|Any CPU
		{EE31F70F-2755-4899-B38A-10871F92A39E}.Release|Any CPU.ActiveCfg = Release|Any CPU
		{EE31F70F-2755-4899-B38A-10871F92A39E}.Release|Any CPU.Build.0 = Release|Any CPU
	EndGlobalSection
	GlobalSection(SolutionProperties) = preSolution
		HideSolutionNode = FALSE
	EndGlobalSection
	GlobalSection(ExtensibilityGlobals) = postSolution
		SolutionGuid = {B599F77E-B7B7-40BF-87FE-393D54578813}
	EndGlobalSection
EndGlobal
